// !$*UTF8*$!
{
	archiveVersion = 1;
	classes = {
	};
	objectVersion = 46;
	objects = {

/* Begin PBXBuildFile section */
		26F066601D34E248004D1857 /* main.m in Sources */ = {isa = PBXBuildFile; fileRef = 26F0665F1D34E248004D1857 /* main.m */; };
		26F066631D34E248004D1857 /* AppDelegate.m in Sources */ = {isa = PBXBuildFile; fileRef = 26F066621D34E248004D1857 /* AppDelegate.m */; };
		26F066661D34E248004D1857 /* ViewController.m in Sources */ = {isa = PBXBuildFile; fileRef = 26F066651D34E248004D1857 /* ViewController.m */; };
		26F066691D34E248004D1857 /* Main.storyboard in Resources */ = {isa = PBXBuildFile; fileRef = 26F066671D34E248004D1857 /* Main.storyboard */; };
		26F0666B1D34E248004D1857 /* Assets.xcassets in Resources */ = {isa = PBXBuildFile; fileRef = 26F0666A1D34E248004D1857 /* Assets.xcassets */; };
		26F0666E1D34E248004D1857 /* LaunchScreen.storyboard in Resources */ = {isa = PBXBuildFile; fileRef = 26F0666C1D34E248004D1857 /* LaunchScreen.storyboard */; };
		26F066791D34E248004D1857 /* YQJPushManagerDemoTests.m in Sources */ = {isa = PBXBuildFile; fileRef = 26F066781D34E248004D1857 /* YQJPushManagerDemoTests.m */; };
		26F066841D34E248004D1857 /* YQJPushManagerDemoUITests.m in Sources */ = {isa = PBXBuildFile; fileRef = 26F066831D34E248004D1857 /* YQJPushManagerDemoUITests.m */; };
		26F066941D34E258004D1857 /* jpush-ios-2.1.8.a in Frameworks */ = {isa = PBXBuildFile; fileRef = 26F066921D34E258004D1857 /* jpush-ios-2.1.8.a */; };
		26F0669D1D34E2ED004D1857 /* CFNetwork.framework in Frameworks */ = {isa = PBXBuildFile; fileRef = 26F0669C1D34E2ED004D1857 /* CFNetwork.framework */; };
		26F0669F1D34E2F5004D1857 /* CoreFoundation.framework in Frameworks */ = {isa = PBXBuildFile; fileRef = 26F0669E1D34E2F5004D1857 /* CoreFoundation.framework */; };
		26F066A11D34E2FA004D1857 /* CoreTelephony.framework in Frameworks */ = {isa = PBXBuildFile; fileRef = 26F066A01D34E2FA004D1857 /* CoreTelephony.framework */; };
		26F066A31D34E301004D1857 /* SystemConfiguration.framework in Frameworks */ = {isa = PBXBuildFile; fileRef = 26F066A21D34E301004D1857 /* SystemConfiguration.framework */; };
		26F066A51D34E308004D1857 /* CoreGraphics.framework in Frameworks */ = {isa = PBXBuildFile; fileRef = 26F066A41D34E308004D1857 /* CoreGraphics.framework */; };
		26F066A71D34E30E004D1857 /* Foundation.framework in Frameworks */ = {isa = PBXBuildFile; fileRef = 26F066A61D34E30E004D1857 /* Foundation.framework */; };
		26F066A91D34E313004D1857 /* UIKit.framework in Frameworks */ = {isa = PBXBuildFile; fileRef = 26F066A81D34E313004D1857 /* UIKit.framework */; };
		26F066AB1D34E319004D1857 /* Security.framework in Frameworks */ = {isa = PBXBuildFile; fileRef = 26F066AA1D34E319004D1857 /* Security.framework */; };
		26F066AD1D34E326004D1857 /* libz.tbd in Frameworks */ = {isa = PBXBuildFile; fileRef = 26F066AC1D34E326004D1857 /* libz.tbd */; };
		26F066B31D34E543004D1857 /* AppDelegate+JPush.m in Sources */ = {isa = PBXBuildFile; fileRef = 26F066B01D34E543004D1857 /* AppDelegate+JPush.m */; };
		26F066B41D34E543004D1857 /* YQJPushManager.m in Sources */ = {isa = PBXBuildFile; fileRef = 26F066B21D34E543004D1857 /* YQJPushManager.m */; };
/* End PBXBuildFile section */

/* Begin PBXContainerItemProxy section */
		26F066751D34E248004D1857 /* PBXContainerItemProxy */ = {
			isa = PBXContainerItemProxy;
			containerPortal = 26F066531D34E248004D1857 /* Project object */;
			proxyType = 1;
			remoteGlobalIDString = 26F0665A1D34E248004D1857;
			remoteInfo = YQJPushManagerDemo;
		};
		26F066801D34E248004D1857 /* PBXContainerItemProxy */ = {
			isa = PBXContainerItemProxy;
			containerPortal = 26F066531D34E248004D1857 /* Project object */;
			proxyType = 1;
			remoteGlobalIDString = 26F0665A1D34E248004D1857;
			remoteInfo = YQJPushManagerDemo;
		};
/* End PBXContainerItemProxy section */

/* Begin PBXFileReference section */
		26F0665B1D34E248004D1857 /* YQJPushManagerDemo.app */ = {isa = PBXFileReference; explicitFileType = wrapper.application; includeInIndex = 0; path = YQJPushManagerDemo.app; sourceTree = BUILT_PRODUCTS_DIR; };
		26F0665F1D34E248004D1857 /* main.m */ = {isa = PBXFileReference; lastKnownFileType = sourcecode.c.objc; path = main.m; sourceTree = "<group>"; };
		26F066611D34E248004D1857 /* AppDelegate.h */ = {isa = PBXFileReference; lastKnownFileType = sourcecode.c.h; path = AppDelegate.h; sourceTree = "<group>"; };
		26F066621D34E248004D1857 /* AppDelegate.m */ = {isa = PBXFileReference; lastKnownFileType = sourcecode.c.objc; path = AppDelegate.m; sourceTree = "<group>"; };
		26F066641D34E248004D1857 /* ViewController.h */ = {isa = PBXFileReference; lastKnownFileType = sourcecode.c.h; path = ViewController.h; sourceTree = "<group>"; };
		26F066651D34E248004D1857 /* ViewController.m */ = {isa = PBXFileReference; lastKnownFileType = sourcecode.c.objc; path = ViewController.m; sourceTree = "<group>"; };
		26F066681D34E248004D1857 /* Base */ = {isa = PBXFileReference; lastKnownFileType = file.storyboard; name = Base; path = Base.lproj/Main.storyboard; sourceTree = "<group>"; };
		26F0666A1D34E248004D1857 /* Assets.xcassets */ = {isa = PBXFileReference; lastKnownFileType = folder.assetcatalog; path = Assets.xcassets; sourceTree = "<group>"; };
		26F0666D1D34E248004D1857 /* Base */ = {isa = PBXFileReference; lastKnownFileType = file.storyboard; name = Base; path = Base.lproj/LaunchScreen.storyboard; sourceTree = "<group>"; };
		26F0666F1D34E248004D1857 /* Info.plist */ = {isa = PBXFileReference; lastKnownFileType = text.plist.xml; path = Info.plist; sourceTree = "<group>"; };
		26F066741D34E248004D1857 /* YQJPushManagerDemoTests.xctest */ = {isa = PBXFileReference; explicitFileType = wrapper.cfbundle; includeInIndex = 0; path = YQJPushManagerDemoTests.xctest; sourceTree = BUILT_PRODUCTS_DIR; };
		26F066781D34E248004D1857 /* YQJPushManagerDemoTests.m */ = {isa = PBXFileReference; lastKnownFileType = sourcecode.c.objc; path = YQJPushManagerDemoTests.m; sourceTree = "<group>"; };
		26F0667A1D34E248004D1857 /* Info.plist */ = {isa = PBXFileReference; lastKnownFileType = text.plist.xml; path = Info.plist; sourceTree = "<group>"; };
		26F0667F1D34E248004D1857 /* YQJPushManagerDemoUITests.xctest */ = {isa = PBXFileReference; explicitFileType = wrapper.cfbundle; includeInIndex = 0; path = YQJPushManagerDemoUITests.xctest; sourceTree = BUILT_PRODUCTS_DIR; };
		26F066831D34E248004D1857 /* YQJPushManagerDemoUITests.m */ = {isa = PBXFileReference; lastKnownFileType = sourcecode.c.objc; path = YQJPushManagerDemoUITests.m; sourceTree = "<group>"; };
		26F066851D34E248004D1857 /* Info.plist */ = {isa = PBXFileReference; lastKnownFileType = text.plist.xml; path = Info.plist; sourceTree = "<group>"; };
		26F066921D34E258004D1857 /* jpush-ios-2.1.8.a */ = {isa = PBXFileReference; lastKnownFileType = archive.ar; path = "jpush-ios-2.1.8.a"; sourceTree = "<group>"; };
		26F066931D34E258004D1857 /* JPUSHService.h */ = {isa = PBXFileReference; fileEncoding = 4; lastKnownFileType = sourcecode.c.h; path = JPUSHService.h; sourceTree = "<group>"; };
		26F0669C1D34E2ED004D1857 /* CFNetwork.framework */ = {isa = PBXFileReference; lastKnownFileType = wrapper.framework; name = CFNetwork.framework; path = System/Library/Frameworks/CFNetwork.framework; sourceTree = SDKROOT; };
		26F0669E1D34E2F5004D1857 /* CoreFoundation.framework */ = {isa = PBXFileReference; lastKnownFileType = wrapper.framework; name = CoreFoundation.framework; path = System/Library/Frameworks/CoreFoundation.framework; sourceTree = SDKROOT; };
		26F066A01D34E2FA004D1857 /* CoreTelephony.framework */ = {isa = PBXFileReference; lastKnownFileType = wrapper.framework; name = CoreTelephony.framework; path = System/Library/Frameworks/CoreTelephony.framework; sourceTree = SDKROOT; };
		26F066A21D34E301004D1857 /* SystemConfiguration.framework */ = {isa = PBXFileReference; lastKnownFileType = wrapper.framework; name = SystemConfiguration.framework; path = System/Library/Frameworks/SystemConfiguration.framework; sourceTree = SDKROOT; };
		26F066A41D34E308004D1857 /* CoreGraphics.framework */ = {isa = PBXFileReference; lastKnownFileType = wrapper.framework; name = CoreGraphics.framework; path = System/Library/Frameworks/CoreGraphics.framework; sourceTree = SDKROOT; };
		26F066A61D34E30E004D1857 /* Foundation.framework */ = {isa = PBXFileReference; lastKnownFileType = wrapper.framework; name = Foundation.framework; path = System/Library/Frameworks/Foundation.framework; sourceTree = SDKROOT; };
		26F066A81D34E313004D1857 /* UIKit.framework */ = {isa = PBXFileReference; lastKnownFileType = wrapper.framework; name = UIKit.framework; path = System/Library/Frameworks/UIKit.framework; sourceTree = SDKROOT; };
		26F066AA1D34E319004D1857 /* Security.framework */ = {isa = PBXFileReference; lastKnownFileType = wrapper.framework; name = Security.framework; path = System/Library/Frameworks/Security.framework; sourceTree = SDKROOT; };
		26F066AC1D34E326004D1857 /* libz.tbd */ = {isa = PBXFileReference; lastKnownFileType = "sourcecode.text-based-dylib-definition"; name = libz.tbd; path = usr/lib/libz.tbd; sourceTree = SDKROOT; };
		26F066AF1D34E543004D1857 /* AppDelegate+JPush.h */ = {isa = PBXFileReference; fileEncoding = 4; lastKnownFileType = sourcecode.c.h; path = "AppDelegate+JPush.h"; sourceTree = "<group>"; };
		26F066B01D34E543004D1857 /* AppDelegate+JPush.m */ = {isa = PBXFileReference; fileEncoding = 4; lastKnownFileType = sourcecode.c.objc; path = "AppDelegate+JPush.m"; sourceTree = "<group>"; };
		26F066B11D34E543004D1857 /* YQJPushManager.h */ = {isa = PBXFileReference; fileEncoding = 4; lastKnownFileType = sourcecode.c.h; path = YQJPushManager.h; sourceTree = "<group>"; };
		26F066B21D34E543004D1857 /* YQJPushManager.m */ = {isa = PBXFileReference; fileEncoding = 4; lastKnownFileType = sourcecode.c.objc; path = YQJPushManager.m; sourceTree = "<group>"; };
/* End PBXFileReference section */

/* Begin PBXFrameworksBuildPhase section */
		26F066581D34E248004D1857 /* Frameworks */ = {
			isa = PBXFrameworksBuildPhase;
			buildActionMask = 2147483647;
			files = (
				26F066AD1D34E326004D1857 /* libz.tbd in Frameworks */,
				26F066AB1D34E319004D1857 /* Security.framework in Frameworks */,
				26F066A91D34E313004D1857 /* UIKit.framework in Frameworks */,
				26F066A71D34E30E004D1857 /* Foundation.framework in Frameworks */,
				26F066A51D34E308004D1857 /* CoreGraphics.framework in Frameworks */,
				26F066A31D34E301004D1857 /* SystemConfiguration.framework in Frameworks */,
				26F066A11D34E2FA004D1857 /* CoreTelephony.framework in Frameworks */,
				26F0669F1D34E2F5004D1857 /* CoreFoundation.framework in Frameworks */,
				26F0669D1D34E2ED004D1857 /* CFNetwork.framework in Frameworks */,
				26F066941D34E258004D1857 /* jpush-ios-2.1.8.a in Frameworks */,
			);
			runOnlyForDeploymentPostprocessing = 0;
		};
		26F066711D34E248004D1857 /* Frameworks */ = {
			isa = PBXFrameworksBuildPhase;
			buildActionMask = 2147483647;
			files = (
			);
			runOnlyForDeploymentPostprocessing = 0;
		};
		26F0667C1D34E248004D1857 /* Frameworks */ = {
			isa = PBXFrameworksBuildPhase;
			buildActionMask = 2147483647;
			files = (
			);
			runOnlyForDeploymentPostprocessing = 0;
		};
/* End PBXFrameworksBuildPhase section */

/* Begin PBXGroup section */
		26F066521D34E248004D1857 = {
			isa = PBXGroup;
			children = (
				26F0665D1D34E248004D1857 /* YQJPushManagerDemo */,
				26F066771D34E248004D1857 /* YQJPushManagerDemoTests */,
				26F066821D34E248004D1857 /* YQJPushManagerDemoUITests */,
				26F0665C1D34E248004D1857 /* Products */,
			);
			sourceTree = "<group>";
		};
		26F0665C1D34E248004D1857 /* Products */ = {
			isa = PBXGroup;
			children = (
				26F0665B1D34E248004D1857 /* YQJPushManagerDemo.app */,
				26F066741D34E248004D1857 /* YQJPushManagerDemoTests.xctest */,
				26F0667F1D34E248004D1857 /* YQJPushManagerDemoUITests.xctest */,
			);
			name = Products;
			sourceTree = "<group>";
		};
		26F0665D1D34E248004D1857 /* YQJPushManagerDemo */ = {
			isa = PBXGroup;
			children = (
				26F066AE1D34E543004D1857 /* YQJPushManager */,
				26F066911D34E258004D1857 /* JPush */,
				26F066611D34E248004D1857 /* AppDelegate.h */,
				26F066621D34E248004D1857 /* AppDelegate.m */,
				26F066641D34E248004D1857 /* ViewController.h */,
				26F066651D34E248004D1857 /* ViewController.m */,
				26F066671D34E248004D1857 /* Main.storyboard */,
				26F0666A1D34E248004D1857 /* Assets.xcassets */,
				26F0666C1D34E248004D1857 /* LaunchScreen.storyboard */,
				26F0666F1D34E248004D1857 /* Info.plist */,
				26F0665E1D34E248004D1857 /* Supporting Files */,
			);
			path = YQJPushManagerDemo;
			sourceTree = "<group>";
		};
		26F0665E1D34E248004D1857 /* Supporting Files */ = {
			isa = PBXGroup;
			children = (
				26F066AC1D34E326004D1857 /* libz.tbd */,
				26F066AA1D34E319004D1857 /* Security.framework */,
				26F066A81D34E313004D1857 /* UIKit.framework */,
				26F066A61D34E30E004D1857 /* Foundation.framework */,
				26F066A41D34E308004D1857 /* CoreGraphics.framework */,
				26F066A21D34E301004D1857 /* SystemConfiguration.framework */,
				26F066A01D34E2FA004D1857 /* CoreTelephony.framework */,
				26F0669E1D34E2F5004D1857 /* CoreFoundation.framework */,
				26F0669C1D34E2ED004D1857 /* CFNetwork.framework */,
				26F0665F1D34E248004D1857 /* main.m */,
			);
			name = "Supporting Files";
			sourceTree = "<group>";
		};
		26F066771D34E248004D1857 /* YQJPushManagerDemoTests */ = {
			isa = PBXGroup;
			children = (
				26F066781D34E248004D1857 /* YQJPushManagerDemoTests.m */,
				26F0667A1D34E248004D1857 /* Info.plist */,
			);
			path = YQJPushManagerDemoTests;
			sourceTree = "<group>";
		};
		26F066821D34E248004D1857 /* YQJPushManagerDemoUITests */ = {
			isa = PBXGroup;
			children = (
				26F066831D34E248004D1857 /* YQJPushManagerDemoUITests.m */,
				26F066851D34E248004D1857 /* Info.plist */,
			);
			path = YQJPushManagerDemoUITests;
			sourceTree = "<group>";
		};
		26F066911D34E258004D1857 /* JPush */ = {
			isa = PBXGroup;
			children = (
				26F066921D34E258004D1857 /* jpush-ios-2.1.8.a */,
				26F066931D34E258004D1857 /* JPUSHService.h */,
			);
			path = JPush;
			sourceTree = "<group>";
		};
		26F066AE1D34E543004D1857 /* YQJPushManager */ = {
			isa = PBXGroup;
			children = (
				26F066AF1D34E543004D1857 /* AppDelegate+JPush.h */,
				26F066B01D34E543004D1857 /* AppDelegate+JPush.m */,
				26F066B11D34E543004D1857 /* YQJPushManager.h */,
				26F066B21D34E543004D1857 /* YQJPushManager.m */,
			);
			path = YQJPushManager;
			sourceTree = "<group>";
		};
/* End PBXGroup section */

/* Begin PBXNativeTarget section */
		26F0665A1D34E248004D1857 /* YQJPushManagerDemo */ = {
			isa = PBXNativeTarget;
			buildConfigurationList = 26F066881D34E248004D1857 /* Build configuration list for PBXNativeTarget "YQJPushManagerDemo" */;
			buildPhases = (
				26F066571D34E248004D1857 /* Sources */,
				26F066581D34E248004D1857 /* Frameworks */,
				26F066591D34E248004D1857 /* Resources */,
			);
			buildRules = (
			);
			dependencies = (
			);
			name = YQJPushManagerDemo;
			productName = YQJPushManagerDemo;
			productReference = 26F0665B1D34E248004D1857 /* YQJPushManagerDemo.app */;
			productType = "com.apple.product-type.application";
		};
		26F066731D34E248004D1857 /* YQJPushManagerDemoTests */ = {
			isa = PBXNativeTarget;
			buildConfigurationList = 26F0668B1D34E248004D1857 /* Build configuration list for PBXNativeTarget "YQJPushManagerDemoTests" */;
			buildPhases = (
				26F066701D34E248004D1857 /* Sources */,
				26F066711D34E248004D1857 /* Frameworks */,
				26F066721D34E248004D1857 /* Resources */,
			);
			buildRules = (
			);
			dependencies = (
				26F066761D34E248004D1857 /* PBXTargetDependency */,
			);
			name = YQJPushManagerDemoTests;
			productName = YQJPushManagerDemoTests;
			productReference = 26F066741D34E248004D1857 /* YQJPushManagerDemoTests.xctest */;
			productType = "com.apple.product-type.bundle.unit-test";
		};
		26F0667E1D34E248004D1857 /* YQJPushManagerDemoUITests */ = {
			isa = PBXNativeTarget;
			buildConfigurationList = 26F0668E1D34E248004D1857 /* Build configuration list for PBXNativeTarget "YQJPushManagerDemoUITests" */;
			buildPhases = (
				26F0667B1D34E248004D1857 /* Sources */,
				26F0667C1D34E248004D1857 /* Frameworks */,
				26F0667D1D34E248004D1857 /* Resources */,
			);
			buildRules = (
			);
			dependencies = (
				26F066811D34E248004D1857 /* PBXTargetDependency */,
			);
			name = YQJPushManagerDemoUITests;
			productName = YQJPushManagerDemoUITests;
			productReference = 26F0667F1D34E248004D1857 /* YQJPushManagerDemoUITests.xctest */;
			productType = "com.apple.product-type.bundle.ui-testing";
		};
/* End PBXNativeTarget section */

/* Begin PBXProject section */
		26F066531D34E248004D1857 /* Project object */ = {
			isa = PBXProject;
			attributes = {
				LastUpgradeCheck = 0730;
				ORGANIZATIONNAME = Mopon;
				TargetAttributes = {
					26F0665A1D34E248004D1857 = {
						CreatedOnToolsVersion = 7.3.1;
						DevelopmentTeam = 3SG3638V3D;
						SystemCapabilities = {
							com.apple.BackgroundModes = {
								enabled = 1;
							};
							com.apple.Push = {
								enabled = 1;
							};
						};
					};
					26F066731D34E248004D1857 = {
						CreatedOnToolsVersion = 7.3.1;
						TestTargetID = 26F0665A1D34E248004D1857;
					};
					26F0667E1D34E248004D1857 = {
						CreatedOnToolsVersion = 7.3.1;
						TestTargetID = 26F0665A1D34E248004D1857;
					};
				};
			};
			buildConfigurationList = 26F066561D34E248004D1857 /* Build configuration list for PBXProject "YQJPushManagerDemo" */;
			compatibilityVersion = "Xcode 3.2";
			developmentRegion = English;
			hasScannedForEncodings = 0;
			knownRegions = (
				en,
				Base,
			);
			mainGroup = 26F066521D34E248004D1857;
			productRefGroup = 26F0665C1D34E248004D1857 /* Products */;
			projectDirPath = "";
			projectRoot = "";
			targets = (
				26F0665A1D34E248004D1857 /* YQJPushManagerDemo */,
				26F066731D34E248004D1857 /* YQJPushManagerDemoTests */,
				26F0667E1D34E248004D1857 /* YQJPushManagerDemoUITests */,
			);
		};
/* End PBXProject section */

/* Begin PBXResourcesBuildPhase section */
		26F066591D34E248004D1857 /* Resources */ = {
			isa = PBXResourcesBuildPhase;
			buildActionMask = 2147483647;
			files = (
				26F0666E1D34E248004D1857 /* LaunchScreen.storyboard in Resources */,
				26F0666B1D34E248004D1857 /* Assets.xcassets in Resources */,
				26F066691D34E248004D1857 /* Main.storyboard in Resources */,
			);
			runOnlyForDeploymentPostprocessing = 0;
		};
		26F066721D34E248004D1857 /* Resources */ = {
			isa = PBXResourcesBuildPhase;
			buildActionMask = 2147483647;
			files = (
			);
			runOnlyForDeploymentPostprocessing = 0;
		};
		26F0667D1D34E248004D1857 /* Resources */ = {
			isa = PBXResourcesBuildPhase;
			buildActionMask = 2147483647;
			files = (
			);
			runOnlyForDeploymentPostprocessing = 0;
		};
/* End PBXResourcesBuildPhase section */

/* Begin PBXSourcesBuildPhase section */
		26F066571D34E248004D1857 /* Sources */ = {
			isa = PBXSourcesBuildPhase;
			buildActionMask = 2147483647;
			files = (
				26F066661D34E248004D1857 /* ViewController.m in Sources */,
				26F066631D34E248004D1857 /* AppDelegate.m in Sources */,
				26F066B41D34E543004D1857 /* YQJPushManager.m in Sources */,
				26F066601D34E248004D1857 /* main.m in Sources */,
				26F066B31D34E543004D1857 /* AppDelegate+JPush.m in Sources */,
			);
			runOnlyForDeploymentPostprocessing = 0;
		};
		26F066701D34E248004D1857 /* Sources */ = {
			isa = PBXSourcesBuildPhase;
			buildActionMask = 2147483647;
			files = (
				26F066791D34E248004D1857 /* YQJPushManagerDemoTests.m in Sources */,
			);
			runOnlyForDeploymentPostprocessing = 0;
		};
		26F0667B1D34E248004D1857 /* Sources */ = {
			isa = PBXSourcesBuildPhase;
			buildActionMask = 2147483647;
			files = (
				26F066841D34E248004D1857 /* YQJPushManagerDemoUITests.m in Sources */,
			);
			runOnlyForDeploymentPostprocessing = 0;
		};
/* End PBXSourcesBuildPhase section */

/* Begin PBXTargetDependency section */
		26F066761D34E248004D1857 /* PBXTargetDependency */ = {
			isa = PBXTargetDependency;
			target = 26F0665A1D34E248004D1857 /* YQJPushManagerDemo */;
			targetProxy = 26F066751D34E248004D1857 /* PBXContainerItemProxy */;
		};
		26F066811D34E248004D1857 /* PBXTargetDependency */ = {
			isa = PBXTargetDependency;
			target = 26F0665A1D34E248004D1857 /* YQJPushManagerDemo */;
			targetProxy = 26F066801D34E248004D1857 /* PBXContainerItemProxy */;
		};
/* End PBXTargetDependency section */

/* Begin PBXVariantGroup section */
		26F066671D34E248004D1857 /* Main.storyboard */ = {
			isa = PBXVariantGroup;
			children = (
				26F066681D34E248004D1857 /* Base */,
			);
			name = Main.storyboard;
			sourceTree = "<group>";
		};
		26F0666C1D34E248004D1857 /* LaunchScreen.storyboard */ = {
			isa = PBXVariantGroup;
			children = (
				26F0666D1D34E248004D1857 /* Base */,
			);
			name = LaunchScreen.storyboard;
			sourceTree = "<group>";
		};
/* End PBXVariantGroup section */

/* Begin XCBuildConfiguration section */
		26F066861D34E248004D1857 /* Debug */ = {
			isa = XCBuildConfiguration;
			buildSettings = {
				ALWAYS_SEARCH_USER_PATHS = NO;
				CLANG_ANALYZER_NONNULL = YES;
				CLANG_CXX_LANGUAGE_STANDARD = "gnu++0x";
				CLANG_CXX_LIBRARY = "libc++";
				CLANG_ENABLE_MODULES = YES;
				CLANG_ENABLE_OBJC_ARC = YES;
				CLANG_WARN_BOOL_CONVERSION = YES;
				CLANG_WARN_CONSTANT_CONVERSION = YES;
				CLANG_WARN_DIRECT_OBJC_ISA_USAGE = YES_ERROR;
				CLANG_WARN_EMPTY_BODY = YES;
				CLANG_WARN_ENUM_CONVERSION = YES;
				CLANG_WARN_INT_CONVERSION = YES;
				CLANG_WARN_OBJC_ROOT_CLASS = YES_ERROR;
				CLANG_WARN_UNREACHABLE_CODE = YES;
				CLANG_WARN__DUPLICATE_METHOD_MATCH = YES;
				"CODE_SIGN_IDENTITY[sdk=iphoneos*]" = "iPhone Developer";
				COPY_PHASE_STRIP = NO;
				DEBUG_INFORMATION_FORMAT = dwarf;
				ENABLE_STRICT_OBJC_MSGSEND = YES;
				ENABLE_TESTABILITY = YES;
				GCC_C_LANGUAGE_STANDARD = gnu99;
				GCC_DYNAMIC_NO_PIC = NO;
				GCC_NO_COMMON_BLOCKS = YES;
				GCC_OPTIMIZATION_LEVEL = 0;
				GCC_PREPROCESSOR_DEFINITIONS = (
					"DEBUG=1",
					"$(inherited)",
				);
				GCC_WARN_64_TO_32_BIT_CONVERSION = YES;
				GCC_WARN_ABOUT_RETURN_TYPE = YES_ERROR;
				GCC_WARN_UNDECLARED_SELECTOR = YES;
				GCC_WARN_UNINITIALIZED_AUTOS = YES_AGGRESSIVE;
				GCC_WARN_UNUSED_FUNCTION = YES;
				GCC_WARN_UNUSED_VARIABLE = YES;
				IPHONEOS_DEPLOYMENT_TARGET = 9.3;
				MTL_ENABLE_DEBUG_INFO = YES;
				ONLY_ACTIVE_ARCH = YES;
				SDKROOT = iphoneos;
				TARGETED_DEVICE_FAMILY = "1,2";
			};
			name = Debug;
		};
		26F066871D34E248004D1857 /* Release */ = {
			isa = XCBuildConfiguration;
			buildSettings = {
				ALWAYS_SEARCH_USER_PATHS = NO;
				CLANG_ANALYZER_NONNULL = YES;
				CLANG_CXX_LANGUAGE_STANDARD = "gnu++0x";
				CLANG_CXX_LIBRARY = "libc++";
				CLANG_ENABLE_MODULES = YES;
				CLANG_ENABLE_OBJC_ARC = YES;
				CLANG_WARN_BOOL_CONVERSION = YES;
				CLANG_WARN_CONSTANT_CONVERSION = YES;
				CLANG_WARN_DIRECT_OBJC_ISA_USAGE = YES_ERROR;
				CLANG_WARN_EMPTY_BODY = YES;
				CLANG_WARN_ENUM_CONVERSION = YES;
				CLANG_WARN_INT_CONVERSION = YES;
				CLANG_WARN_OBJC_ROOT_CLASS = YES_ERROR;
				CLANG_WARN_UNREACHABLE_CODE = YES;
				CLANG_WARN__DUPLICATE_METHOD_MATCH = YES;
				"CODE_SIGN_IDENTITY[sdk=iphoneos*]" = "iPhone Developer";
				COPY_PHASE_STRIP = NO;
				DEBUG_INFORMATION_FORMAT = "dwarf-with-dsym";
				ENABLE_NS_ASSERTIONS = NO;
				ENABLE_STRICT_OBJC_MSGSEND = YES;
				GCC_C_LANGUAGE_STANDARD = gnu99;
				GCC_NO_COMMON_BLOCKS = YES;
				GCC_WARN_64_TO_32_BIT_CONVERSION = YES;
				GCC_WARN_ABOUT_RETURN_TYPE = YES_ERROR;
				GCC_WARN_UNDECLARED_SELECTOR = YES;
				GCC_WARN_UNINITIALIZED_AUTOS = YES_AGGRESSIVE;
				GCC_WARN_UNUSED_FUNCTION = YES;
				GCC_WARN_UNUSED_VARIABLE = YES;
				IPHONEOS_DEPLOYMENT_TARGET = 9.3;
				MTL_ENABLE_DEBUG_INFO = NO;
				SDKROOT = iphoneos;
				TARGETED_DEVICE_FAMILY = "1,2";
				VALIDATE_PRODUCT = YES;
			};
			name = Release;
		};
		26F066891D34E248004D1857 /* Debug */ = {
			isa = XCBuildConfiguration;
			buildSettings = {
				ASSETCATALOG_COMPILER_APPICON_NAME = AppIcon;
				CODE_SIGN_IDENTITY = "iPhone Developer";
				INFOPLIST_FILE = YQJPushManagerDemo/Info.plist;
				IPHONEOS_DEPLOYMENT_TARGET = 8.4;
				LD_RUNPATH_SEARCH_PATHS = "$(inherited) @executable_path/Frameworks";
				LIBRARY_SEARCH_PATHS = (
					"$(inherited)",
					"$(PROJECT_DIR)/YQJPushManagerDemo/JPush",
				);
				PRODUCT_BUNDLE_IDENTIFIER = cn.mopon.MoponFilm.xinfu;
				PRODUCT_NAME = "$(TARGET_NAME)";
			};
			name = Debug;
		};
		26F0668A1D34E248004D1857 /* Release */ = {
			isa = XCBuildConfiguration;
			buildSettings = {
				ASSETCATALOG_COMPILER_APPICON_NAME = AppIcon;
				CODE_SIGN_IDENTITY = "iPhone Developer";
				INFOPLIST_FILE = YQJPushManagerDemo/Info.plist;
				IPHONEOS_DEPLOYMENT_TARGET = 8.4;
				LD_RUNPATH_SEARCH_PATHS = "$(inherited) @executable_path/Frameworks";
				LIBRARY_SEARCH_PATHS = (
					"$(inherited)",
					"$(PROJECT_DIR)/YQJPushManagerDemo/JPush",
				);
				PRODUCT_BUNDLE_IDENTIFIER = cn.mopon.MoponFilm.xinfu;
				PRODUCT_NAME = "$(TARGET_NAME)";
			};
			name = Release;
		};
		26F0668C1D34E248004D1857 /* Debug */ = {
			isa = XCBuildConfiguration;
			buildSettings = {
				BUNDLE_LOADER = "$(TEST_HOST)";
				INFOPLIST_FILE = YQJPushManagerDemoTests/Info.plist;
				LD_RUNPATH_SEARCH_PATHS = "$(inherited) @executable_path/Frameworks @loader_path/Frameworks";
				PRODUCT_BUNDLE_IDENTIFIER = com.mopon.YQJPushManagerDemoTests;
				PRODUCT_NAME = "$(TARGET_NAME)";
				TEST_HOST = "$(BUILT_PRODUCTS_DIR)/YQJPushManagerDemo.app/YQJPushManagerDemo";
			};
			name = Debug;
		};
		26F0668D1D34E248004D1857 /* Release */ = {
			isa = XCBuildConfiguration;
			buildSettings = {
				BUNDLE_LOADER = "$(TEST_HOST)";
				INFOPLIST_FILE = YQJPushManagerDemoTests/Info.plist;
				LD_RUNPATH_SEARCH_PATHS = "$(inherited) @executable_path/Frameworks @loader_path/Frameworks";
				PRODUCT_BUNDLE_IDENTIFIER = com.mopon.YQJPushManagerDemoTests;
				PRODUCT_NAME = "$(TARGET_NAME)";
				TEST_HOST = "$(BUILT_PRODUCTS_DIR)/YQJPushManagerDemo.app/YQJPushManagerDemo";
			};
			name = Release;
		};
		26F0668F1D34E248004D1857 /* Debug */ = {
			isa = XCBuildConfiguration;
			buildSettings = {
				INFOPLIST_FILE = YQJPushManagerDemoUITests/Info.plist;
				LD_RUNPATH_SEARCH_PATHS = "$(inherited) @executable_path/Frameworks @loader_path/Frameworks";
				PRODUCT_BUNDLE_IDENTIFIER = com.mopon.YQJPushManagerDemoUITests;
				PRODUCT_NAME = "$(TARGET_NAME)";
				TEST_TARGET_NAME = YQJPushManagerDemo;
			};
			name = Debug;
		};
		26F066901D34E248004D1857 /* Release */ = {
			isa = XCBuildConfiguration;
			buildSettings = {
				INFOPLIST_FILE = YQJPushManagerDemoUITests/Info.plist;
				LD_RUNPATH_SEARCH_PATHS = "$(inherited) @executable_path/Frameworks @loader_path/Frameworks";
				PRODUCT_BUNDLE_IDENTIFIER = com.mopon.YQJPushManagerDemoUITests;
				PRODUCT_NAME = "$(TARGET_NAME)";
				TEST_TARGET_NAME = YQJPushManagerDemo;
			};
			name = Release;
		};
/* End XCBuildConfiguration section */

/* Begin XCConfigurationList section */
		26F066561D34E248004D1857 /* Build configuration list for PBXProject "YQJPushManagerDemo" */ = {
			isa = XCConfigurationList;
			buildConfigurations = (
				26F066861D34E248004D1857 /* Debug */,
				26F066871D34E248004D1857 /* Release */,
			);
			defaultConfigurationIsVisible = 0;
			defaultConfigurationName = Release;
		};
		26F066881D34E248004D1857 /* Build configuration list for PBXNativeTarget "YQJPushManagerDemo" */ = {
			isa = XCConfigurationList;
			buildConfigurations = (
				26F066891D34E248004D1857 /* Debug */,
				26F0668A1D34E248004D1857 /* Release */,
			);
			defaultConfigurationIsVisible = 0;
			defaultConfigurationName = Release;
		};
		26F0668B1D34E248004D1857 /* Build configuration list for PBXNativeTarget "YQJPushManagerDemoTests" */ = {
			isa = XCConfigurationList;
			buildConfigurations = (
				26F0668C1D34E248004D1857 /* Debug */,
				26F0668D1D34E248004D1857 /* Release */,
			);
			defaultConfigurationIsVisible = 0;
			defaultConfigurationName = Release;
		};
		26F0668E1D34E248004D1857 /* Build configuration list for PBXNativeTarget "YQJPushManagerDemoUITests" */ = {
			isa = XCConfigurationList;
			buildConfigurations = (
				26F0668F1D34E248004D1857 /* Debug */,
				26F066901D34E248004D1857 /* Release */,
			);
			defaultConfigurationIsVisible = 0;
			defaultConfigurationName = Release;
		};
/* End XCConfigurationList section */
	};
	rootObject = 26F066531D34E248004D1857 /* Project object */;
}
